// !$*UTF8*$!
{
	archiveVersion = 1;
	classes = {
	};
	objectVersion = 50;
	objects = {

/* Begin PBXAggregateTarget section */
		7648786823D1A24C001E63CE /* UniFPCDynamicForm */ = {
			isa = PBXAggregateTarget;
			buildConfigurationList = 7648786923D1A24C001E63CE /* Build configuration list for PBXAggregateTarget "UniFPCDynamicForm" */;
			buildPhases = (
				7648786C23D1A269001E63CE /* Copy Files */,
				7648789623D1A2E2001E63CE /* Make Universal Library */,
			);
			dependencies = (
			);
			name = UniFPCDynamicForm;
			productName = UniFpcDF;
		};
/* End PBXAggregateTarget section */

/* Begin PBXBuildFile section */
		76095C9923F693D000C1A73A /* DFLocalizable.strings in Resources */ = {isa = PBXBuildFile; fileRef = 76095C9C23F693D000C1A73A /* DFLocalizable.strings */; };
		76095C9A23F693D000C1A73A /* DFLocalizable.strings in Copy Files */ = {isa = PBXBuildFile; fileRef = 76095C9C23F693D000C1A73A /* DFLocalizable.strings */; };
		760A023D23D05C5E00CF2BC9 /* FpcDF.h in Headers */ = {isa = PBXBuildFile; fileRef = 760A023B23D05C5E00CF2BC9 /* FpcDF.h */; settings = {ATTRIBUTES = (Public, ); }; };
		760A025623D1321F00CF2BC9 /* Assets.xcassets in Resources */ = {isa = PBXBuildFile; fileRef = 760A025523D1321F00CF2BC9 /* Assets.xcassets */; };
		760A026C23D1325300CF2BC9 /* FormTextFieldCell.xib in Resources */ = {isa = PBXBuildFile; fileRef = 760A025823D1325200CF2BC9 /* FormTextFieldCell.xib */; };
		760A026D23D1325300CF2BC9 /* FormChoiceCell.swift in Sources */ = {isa = PBXBuildFile; fileRef = 760A025923D1325200CF2BC9 /* FormChoiceCell.swift */; };
		760A026E23D1325300CF2BC9 /* FormTextAreaCell.xib in Resources */ = {isa = PBXBuildFile; fileRef = 760A025A23D1325300CF2BC9 /* FormTextAreaCell.xib */; };
		760A026F23D1325300CF2BC9 /* FormTitleCell.swift in Sources */ = {isa = PBXBuildFile; fileRef = 760A025B23D1325300CF2BC9 /* FormTitleCell.swift */; };
		760A027023D1325300CF2BC9 /* FormTitleCell.xib in Resources */ = {isa = PBXBuildFile; fileRef = 760A025C23D1325300CF2BC9 /* FormTitleCell.xib */; };
		760A027123D1325300CF2BC9 /* MultiSelectionCell.swift in Sources */ = {isa = PBXBuildFile; fileRef = 760A025D23D1325300CF2BC9 /* MultiSelectionCell.swift */; };
		760A027223D1325300CF2BC9 /* SingleSelectionCell.xib in Resources */ = {isa = PBXBuildFile; fileRef = 760A025E23D1325300CF2BC9 /* SingleSelectionCell.xib */; };
		760A027323D1325300CF2BC9 /* fileCell.xib in Resources */ = {isa = PBXBuildFile; fileRef = 760A025F23D1325300CF2BC9 /* fileCell.xib */; };
		760A027423D1325300CF2BC9 /* UploadCell.swift in Sources */ = {isa = PBXBuildFile; fileRef = 760A026023D1325300CF2BC9 /* UploadCell.swift */; };
		760A027523D1325300CF2BC9 /* DynamicFieldCell.swift in Sources */ = {isa = PBXBuildFile; fileRef = 760A026123D1325300CF2BC9 /* DynamicFieldCell.swift */; };
		760A027623D1325300CF2BC9 /* FormTextFieldCell.swift in Sources */ = {isa = PBXBuildFile; fileRef = 760A026223D1325300CF2BC9 /* FormTextFieldCell.swift */; };
		760A027723D1325300CF2BC9 /* KeyValueCell.swift in Sources */ = {isa = PBXBuildFile; fileRef = 760A026323D1325300CF2BC9 /* KeyValueCell.swift */; };
		760A027823D1325300CF2BC9 /* KeyValueCell.xib in Resources */ = {isa = PBXBuildFile; fileRef = 760A026423D1325300CF2BC9 /* KeyValueCell.xib */; };
		760A027923D1325300CF2BC9 /* FormTextAreaCell.swift in Sources */ = {isa = PBXBuildFile; fileRef = 760A026523D1325300CF2BC9 /* FormTextAreaCell.swift */; };
		760A027A23D1325300CF2BC9 /* MultiSelectionCell.xib in Resources */ = {isa = PBXBuildFile; fileRef = 760A026623D1325300CF2BC9 /* MultiSelectionCell.xib */; };
		760A027B23D1325300CF2BC9 /* SingleSelectionCell.swift in Sources */ = {isa = PBXBuildFile; fileRef = 760A026723D1325300CF2BC9 /* SingleSelectionCell.swift */; };
		760A027C23D1325300CF2BC9 /* UploadCell.xib in Resources */ = {isa = PBXBuildFile; fileRef = 760A026823D1325300CF2BC9 /* UploadCell.xib */; };
		760A027D23D1325300CF2BC9 /* FormChoiceCell.xib in Resources */ = {isa = PBXBuildFile; fileRef = 760A026923D1325300CF2BC9 /* FormChoiceCell.xib */; };
		760A027E23D1325300CF2BC9 /* DynamicFieldCell.xib in Resources */ = {isa = PBXBuildFile; fileRef = 760A026A23D1325300CF2BC9 /* DynamicFieldCell.xib */; };
		760A027F23D1325300CF2BC9 /* fileCell.swift in Sources */ = {isa = PBXBuildFile; fileRef = 760A026B23D1325300CF2BC9 /* fileCell.swift */; };
		760A029723D1329000CF2BC9 /* UIkitExtension.swift in Sources */ = {isa = PBXBuildFile; fileRef = 760A029523D1329000CF2BC9 /* UIkitExtension.swift */; };
		760A029923D1329000CF2BC9 /* UIColor+extension.swift in Sources */ = {isa = PBXBuildFile; fileRef = 760A029623D1329000CF2BC9 /* UIColor+extension.swift */; };
		760A02A223D132BE00CF2BC9 /* DynamicInput.swift in Sources */ = {isa = PBXBuildFile; fileRef = 760A029B23D132BE00CF2BC9 /* DynamicInput.swift */; };
		760A02A423D132BE00CF2BC9 /* FormListData.swift in Sources */ = {isa = PBXBuildFile; fileRef = 760A029C23D132BE00CF2BC9 /* FormListData.swift */; };
		760A02A623D132BE00CF2BC9 /* FormData.swift in Sources */ = {isa = PBXBuildFile; fileRef = 760A029D23D132BE00CF2BC9 /* FormData.swift */; };
		760A02A823D132BE00CF2BC9 /* DFErrorType.swift in Sources */ = {isa = PBXBuildFile; fileRef = 760A029E23D132BE00CF2BC9 /* DFErrorType.swift */; };
		760A02AA23D132BE00CF2BC9 /* DateFormatter.swift in Sources */ = {isa = PBXBuildFile; fileRef = 760A029F23D132BE00CF2BC9 /* DateFormatter.swift */; };
		760A02AC23D132BE00CF2BC9 /* FormByIdData.swift in Sources */ = {isa = PBXBuildFile; fileRef = 760A02A023D132BE00CF2BC9 /* FormByIdData.swift */; };
		760A02AE23D132BE00CF2BC9 /* DFDisposableToken.swift in Sources */ = {isa = PBXBuildFile; fileRef = 760A02A123D132BE00CF2BC9 /* DFDisposableToken.swift */; };
		760A02B423D132FC00CF2BC9 /* DFAPI.swift in Sources */ = {isa = PBXBuildFile; fileRef = 760A02B123D132FC00CF2BC9 /* DFAPI.swift */; };
		760A02B623D132FC00CF2BC9 /* DFJSONKey.swift in Sources */ = {isa = PBXBuildFile; fileRef = 760A02B223D132FC00CF2BC9 /* DFJSONKey.swift */; };
		760A02B823D132FC00CF2BC9 /* DFUtil.swift in Sources */ = {isa = PBXBuildFile; fileRef = 760A02B323D132FC00CF2BC9 /* DFUtil.swift */; };
		760A02BD23D1330D00CF2BC9 /* DFmainVC.swift in Sources */ = {isa = PBXBuildFile; fileRef = 760A02BA23D1330D00CF2BC9 /* DFmainVC.swift */; };
		760A02BF23D1330D00CF2BC9 /* DFSelectionVC.swift in Sources */ = {isa = PBXBuildFile; fileRef = 760A02BB23D1330D00CF2BC9 /* DFSelectionVC.swift */; };
		760A02C123D1330D00CF2BC9 /* DFChosenModifyVC.swift in Sources */ = {isa = PBXBuildFile; fileRef = 760A02BC23D1330D00CF2BC9 /* DFChosenModifyVC.swift */; };
		760A02C423D1332700CF2BC9 /* UILabelExtensive.swift in Sources */ = {isa = PBXBuildFile; fileRef = 760A02C323D1332700CF2BC9 /* UILabelExtensive.swift */; };
		760A02C723D1333A00CF2BC9 /* DFMain.storyboard in Resources */ = {isa = PBXBuildFile; fileRef = 760A02C623D1333A00CF2BC9 /* DFMain.storyboard */; };
		760A02D023D177C200CF2BC9 /* DynamicForm.swift in Sources */ = {isa = PBXBuildFile; fileRef = 760A02CF23D177C200CF2BC9 /* DynamicForm.swift */; };
		76275F7223F3D972003F240F /* DFLocalizable.swift in Copy Files */ = {isa = PBXBuildFile; fileRef = 765D529E23E3C06200AE354C /* DFLocalizable.swift */; };
		762C1EDB29DE655B00FDE53C /* DFNibOwnerLoadable.swift in Sources */ = {isa = PBXBuildFile; fileRef = 762C1EDA29DE655B00FDE53C /* DFNibOwnerLoadable.swift */; };
		762C1EDC29DE655B00FDE53C /* DFNibOwnerLoadable.swift in Copy Files */ = {isa = PBXBuildFile; fileRef = 762C1EDA29DE655B00FDE53C /* DFNibOwnerLoadable.swift */; };
		762C1EE029DE659000FDE53C /* DFInputView.swift in Sources */ = {isa = PBXBuildFile; fileRef = 762C1EDE29DE659000FDE53C /* DFInputView.swift */; };
		762C1EE129DE659000FDE53C /* DFInputView.swift in Copy Files */ = {isa = PBXBuildFile; fileRef = 762C1EDE29DE659000FDE53C /* DFInputView.swift */; };
		762C1EE229DE659000FDE53C /* DFInputView.xib in Resources */ = {isa = PBXBuildFile; fileRef = 762C1EDF29DE659000FDE53C /* DFInputView.xib */; };
		762C1EE329DE659000FDE53C /* DFInputView.xib in Copy Files */ = {isa = PBXBuildFile; fileRef = 762C1EDF29DE659000FDE53C /* DFInputView.xib */; };
		7648786D23D1A26F001E63CE /* DFSelectionVC.swift in Copy Files */ = {isa = PBXBuildFile; fileRef = 760A02BB23D1330D00CF2BC9 /* DFSelectionVC.swift */; };
		7648786E23D1A272001E63CE /* DFmainVC.swift in Copy Files */ = {isa = PBXBuildFile; fileRef = 760A02BA23D1330D00CF2BC9 /* DFmainVC.swift */; };
		7648786F23D1A274001E63CE /* DFChosenModifyVC.swift in Copy Files */ = {isa = PBXBuildFile; fileRef = 760A02BC23D1330D00CF2BC9 /* DFChosenModifyVC.swift */; };
		7648787023D1A278001E63CE /* DynamicForm.swift in Copy Files */ = {isa = PBXBuildFile; fileRef = 760A02CF23D177C200CF2BC9 /* DynamicForm.swift */; };
		7648787123D1A27E001E63CE /* DFMain.storyboard in Copy Files */ = {isa = PBXBuildFile; fileRef = 760A02C623D1333A00CF2BC9 /* DFMain.storyboard */; };
		7648787223D1A280001E63CE /* Assets.xcassets in Copy Files */ = {isa = PBXBuildFile; fileRef = 760A025523D1321F00CF2BC9 /* Assets.xcassets */; };
		7648787323D1A285001E63CE /* UploadCell.xib in Copy Files */ = {isa = PBXBuildFile; fileRef = 760A026823D1325300CF2BC9 /* UploadCell.xib */; };
		7648787423D1A287001E63CE /* UploadCell.swift in Copy Files */ = {isa = PBXBuildFile; fileRef = 760A026023D1325300CF2BC9 /* UploadCell.swift */; };
		7648787523D1A28A001E63CE /* SingleSelectionCell.xib in Copy Files */ = {isa = PBXBuildFile; fileRef = 760A025E23D1325300CF2BC9 /* SingleSelectionCell.xib */; };
		7648787623D1A28C001E63CE /* SingleSelectionCell.swift in Copy Files */ = {isa = PBXBuildFile; fileRef = 760A026723D1325300CF2BC9 /* SingleSelectionCell.swift */; };
		7648787723D1A28E001E63CE /* MultiSelectionCell.xib in Copy Files */ = {isa = PBXBuildFile; fileRef = 760A026623D1325300CF2BC9 /* MultiSelectionCell.xib */; };
		7648787823D1A290001E63CE /* MultiSelectionCell.swift in Copy Files */ = {isa = PBXBuildFile; fileRef = 760A025D23D1325300CF2BC9 /* MultiSelectionCell.swift */; };
		7648787923D1A293001E63CE /* KeyValueCell.xib in Copy Files */ = {isa = PBXBuildFile; fileRef = 760A026423D1325300CF2BC9 /* KeyValueCell.xib */; };
		7648787A23D1A295001E63CE /* KeyValueCell.swift in Copy Files */ = {isa = PBXBuildFile; fileRef = 760A026323D1325300CF2BC9 /* KeyValueCell.swift */; };
		7648787B23D1A297001E63CE /* FormTitleCell.xib in Copy Files */ = {isa = PBXBuildFile; fileRef = 760A025C23D1325300CF2BC9 /* FormTitleCell.xib */; };
		7648787C23D1A299001E63CE /* FormTitleCell.swift in Copy Files */ = {isa = PBXBuildFile; fileRef = 760A025B23D1325300CF2BC9 /* FormTitleCell.swift */; };
		7648787D23D1A29B001E63CE /* FormTextFieldCell.xib in Copy Files */ = {isa = PBXBuildFile; fileRef = 760A025823D1325200CF2BC9 /* FormTextFieldCell.xib */; };
		7648787E23D1A29D001E63CE /* FormTextFieldCell.swift in Copy Files */ = {isa = PBXBuildFile; fileRef = 760A026223D1325300CF2BC9 /* FormTextFieldCell.swift */; };
		7648787F23D1A2A0001E63CE /* FormTextAreaCell.xib in Copy Files */ = {isa = PBXBuildFile; fileRef = 760A025A23D1325300CF2BC9 /* FormTextAreaCell.xib */; };
		7648788023D1A2A2001E63CE /* FormTextAreaCell.swift in Copy Files */ = {isa = PBXBuildFile; fileRef = 760A026523D1325300CF2BC9 /* FormTextAreaCell.swift */; };
		7648788123D1A2A4001E63CE /* FormChoiceCell.xib in Copy Files */ = {isa = PBXBuildFile; fileRef = 760A026923D1325300CF2BC9 /* FormChoiceCell.xib */; };
		7648788223D1A2A6001E63CE /* FormChoiceCell.swift in Copy Files */ = {isa = PBXBuildFile; fileRef = 760A025923D1325200CF2BC9 /* FormChoiceCell.swift */; };
		7648788323D1A2A8001E63CE /* fileCell.xib in Copy Files */ = {isa = PBXBuildFile; fileRef = 760A025F23D1325300CF2BC9 /* fileCell.xib */; };
		7648788423D1A2AB001E63CE /* fileCell.swift in Copy Files */ = {isa = PBXBuildFile; fileRef = 760A026B23D1325300CF2BC9 /* fileCell.swift */; };
		7648788523D1A2AD001E63CE /* DynamicFieldCell.xib in Copy Files */ = {isa = PBXBuildFile; fileRef = 760A026A23D1325300CF2BC9 /* DynamicFieldCell.xib */; };
		7648788623D1A2AF001E63CE /* DynamicFieldCell.swift in Copy Files */ = {isa = PBXBuildFile; fileRef = 760A026123D1325300CF2BC9 /* DynamicFieldCell.swift */; };
		7648788723D1A2B2001E63CE /* UIkitExtension.swift in Copy Files */ = {isa = PBXBuildFile; fileRef = 760A029523D1329000CF2BC9 /* UIkitExtension.swift */; };
		7648788823D1A2B5001E63CE /* UIColor+extension.swift in Copy Files */ = {isa = PBXBuildFile; fileRef = 760A029623D1329000CF2BC9 /* UIColor+extension.swift */; };
		7648788923D1A2B9001E63CE /* FormListData.swift in Copy Files */ = {isa = PBXBuildFile; fileRef = 760A029C23D132BE00CF2BC9 /* FormListData.swift */; };
		7648788A23D1A2BB001E63CE /* FormData.swift in Copy Files */ = {isa = PBXBuildFile; fileRef = 760A029D23D132BE00CF2BC9 /* FormData.swift */; };
		7648788B23D1A2BD001E63CE /* FormByIdData.swift in Copy Files */ = {isa = PBXBuildFile; fileRef = 760A02A023D132BE00CF2BC9 /* FormByIdData.swift */; };
		7648788C23D1A2BF001E63CE /* DynamicInput.swift in Copy Files */ = {isa = PBXBuildFile; fileRef = 760A029B23D132BE00CF2BC9 /* DynamicInput.swift */; };
		7648788D23D1A2C1001E63CE /* DFErrorType.swift in Copy Files */ = {isa = PBXBuildFile; fileRef = 760A029E23D132BE00CF2BC9 /* DFErrorType.swift */; };
		7648788E23D1A2C3001E63CE /* DFDisposableToken.swift in Copy Files */ = {isa = PBXBuildFile; fileRef = 760A02A123D132BE00CF2BC9 /* DFDisposableToken.swift */; };
		7648788F23D1A2C5001E63CE /* DateFormatter.swift in Copy Files */ = {isa = PBXBuildFile; fileRef = 760A029F23D132BE00CF2BC9 /* DateFormatter.swift */; };
		7648789023D1A2C9001E63CE /* DFUtil.swift in Copy Files */ = {isa = PBXBuildFile; fileRef = 760A02B323D132FC00CF2BC9 /* DFUtil.swift */; };
		7648789123D1A2CA001E63CE /* DFJSONKey.swift in Copy Files */ = {isa = PBXBuildFile; fileRef = 760A02B223D132FC00CF2BC9 /* DFJSONKey.swift */; };
		7648789223D1A2CC001E63CE /* DFAPI.swift in Copy Files */ = {isa = PBXBuildFile; fileRef = 760A02B123D132FC00CF2BC9 /* DFAPI.swift */; };
		7648789323D1A2D4001E63CE /* UILabelExtensive.swift in Copy Files */ = {isa = PBXBuildFile; fileRef = 760A02C323D1332700CF2BC9 /* UILabelExtensive.swift */; };
		765D529B23E3AFB300AE354C /* DFResult.swift in Sources */ = {isa = PBXBuildFile; fileRef = 765D529A23E3AFB300AE354C /* DFResult.swift */; };
		765D529F23E3C06200AE354C /* DFLocalizable.swift in Sources */ = {isa = PBXBuildFile; fileRef = 765D529E23E3C06200AE354C /* DFLocalizable.swift */; };
		76A2077C27F42725003BE45B /* DFDrawingView.swift in Sources */ = {isa = PBXBuildFile; fileRef = 76A2077B27F42725003BE45B /* DFDrawingView.swift */; };
		76A2077D27F42725003BE45B /* DFDrawingView.swift in Copy Files */ = {isa = PBXBuildFile; fileRef = 76A2077B27F42725003BE45B /* DFDrawingView.swift */; };
		76A2077F27F427EB003BE45B /* DFElecSignVC.swift in Sources */ = {isa = PBXBuildFile; fileRef = 76A2077E27F427EB003BE45B /* DFElecSignVC.swift */; };
		76A2078027F427EB003BE45B /* DFElecSignVC.swift in Copy Files */ = {isa = PBXBuildFile; fileRef = 76A2077E27F427EB003BE45B /* DFElecSignVC.swift */; };
		76A2078227F42900003BE45B /* DFUIImageExtensive.swift in Sources */ = {isa = PBXBuildFile; fileRef = 76A2078127F42900003BE45B /* DFUIImageExtensive.swift */; };
		76A2078327F42900003BE45B /* DFUIImageExtensive.swift in Copy Files */ = {isa = PBXBuildFile; fileRef = 76A2078127F42900003BE45B /* DFUIImageExtensive.swift */; };
		76A2078627F42AB2003BE45B /* DFSignCell.swift in Sources */ = {isa = PBXBuildFile; fileRef = 76A2078427F42AB2003BE45B /* DFSignCell.swift */; };
		76A2078727F42AB2003BE45B /* DFSignCell.swift in Copy Files */ = {isa = PBXBuildFile; fileRef = 76A2078427F42AB2003BE45B /* DFSignCell.swift */; };
		76A2078827F42AB2003BE45B /* DFSignCell.xib in Resources */ = {isa = PBXBuildFile; fileRef = 76A2078527F42AB2003BE45B /* DFSignCell.xib */; };
		76A2078927F42AB2003BE45B /* DFSignCell.xib in Copy Files */ = {isa = PBXBuildFile; fileRef = 76A2078527F42AB2003BE45B /* DFSignCell.xib */; };
		76A2078B27F42B35003BE45B /* DFSignImages.swift in Sources */ = {isa = PBXBuildFile; fileRef = 76A2078A27F42B35003BE45B /* DFSignImages.swift */; };
		76A2078C27F42B35003BE45B /* DFSignImages.swift in Copy Files */ = {isa = PBXBuildFile; fileRef = 76A2078A27F42B35003BE45B /* DFSignImages.swift */; };
		76B11BFD23EBF95D00F407DE /* DFVersionCode.swift in Sources */ = {isa = PBXBuildFile; fileRef = 76B11BFC23EBF95D00F407DE /* DFVersionCode.swift */; };
		76B11BFE23EBF96000F407DE /* DFVersionCode.swift in Copy Files */ = {isa = PBXBuildFile; fileRef = 76B11BFC23EBF95D00F407DE /* DFVersionCode.swift */; };
		76B11C2A23ED3D6F00F407DE /* DFImageVC.swift in Sources */ = {isa = PBXBuildFile; fileRef = 76B11C2923ED3D6F00F407DE /* DFImageVC.swift */; };
		76BAD60828227671002D6476 /* DynamicDelegate.swift in Sources */ = {isa = PBXBuildFile; fileRef = 76BAD60728227671002D6476 /* DynamicDelegate.swift */; };
		76BAD60928227671002D6476 /* DynamicDelegate.swift in Copy Files */ = {isa = PBXBuildFile; fileRef = 76BAD60728227671002D6476 /* DynamicDelegate.swift */; };
		76BAD62928348690002D6476 /* UITextViewExtension.swift in Sources */ = {isa = PBXBuildFile; fileRef = 76BAD62828348690002D6476 /* UITextViewExtension.swift */; };
		76BAD62A28348690002D6476 /* UITextViewExtension.swift in Copy Files */ = {isa = PBXBuildFile; fileRef = 76BAD62828348690002D6476 /* UITextViewExtension.swift */; };
		76D2F0CB28163E760073B20A /* DFTableCell.swift in Sources */ = {isa = PBXBuildFile; fileRef = 76D2F0C928163E760073B20A /* DFTableCell.swift */; };
		76D2F0CC28163E760073B20A /* DFTableCell.swift in Copy Files */ = {isa = PBXBuildFile; fileRef = 76D2F0C928163E760073B20A /* DFTableCell.swift */; };
		76D2F0CD28163E760073B20A /* DFTableCell.xib in Resources */ = {isa = PBXBuildFile; fileRef = 76D2F0CA28163E760073B20A /* DFTableCell.xib */; };
		76D2F0CE28163E760073B20A /* DFTableCell.xib in Copy Files */ = {isa = PBXBuildFile; fileRef = 76D2F0CA28163E760073B20A /* DFTableCell.xib */; };
/* End PBXBuildFile section */

/* Begin PBXCopyFilesBuildPhase section */
		760A02D623D178B800CF2BC9 /* CopyFiles */ = {
			isa = PBXCopyFilesBuildPhase;
			buildActionMask = 2147483647;
			dstPath = "";
			dstSubfolderSpec = 10;
			files = (
			);
			runOnlyForDeploymentPostprocessing = 0;
		};
		7648786C23D1A269001E63CE /* Copy Files */ = {
			isa = PBXCopyFilesBuildPhase;
			buildActionMask = 2147483647;
			dstPath = "";
			dstSubfolderSpec = 10;
			files = (
				7648787423D1A287001E63CE /* UploadCell.swift in Copy Files */,
				7648787E23D1A29D001E63CE /* FormTextFieldCell.swift in Copy Files */,
				76A2078727F42AB2003BE45B /* DFSignCell.swift in Copy Files */,
				7648788C23D1A2BF001E63CE /* DynamicInput.swift in Copy Files */,
				7648786D23D1A26F001E63CE /* DFSelectionVC.swift in Copy Files */,
				7648788823D1A2B5001E63CE /* UIColor+extension.swift in Copy Files */,
				7648787723D1A28E001E63CE /* MultiSelectionCell.xib in Copy Files */,
				76A2078327F42900003BE45B /* DFUIImageExtensive.swift in Copy Files */,
				7648787023D1A278001E63CE /* DynamicForm.swift in Copy Files */,
				7648788D23D1A2C1001E63CE /* DFErrorType.swift in Copy Files */,
				7648787C23D1A299001E63CE /* FormTitleCell.swift in Copy Files */,
				7648788523D1A2AD001E63CE /* DynamicFieldCell.xib in Copy Files */,
				7648789123D1A2CA001E63CE /* DFJSONKey.swift in Copy Files */,
				762C1EE329DE659000FDE53C /* DFInputView.xib in Copy Files */,
				7648787123D1A27E001E63CE /* DFMain.storyboard in Copy Files */,
				7648787B23D1A297001E63CE /* FormTitleCell.xib in Copy Files */,
				762C1EE129DE659000FDE53C /* DFInputView.swift in Copy Files */,
				7648788723D1A2B2001E63CE /* UIkitExtension.swift in Copy Files */,
				76D2F0CC28163E760073B20A /* DFTableCell.swift in Copy Files */,
				7648787923D1A293001E63CE /* KeyValueCell.xib in Copy Files */,
				7648786F23D1A274001E63CE /* DFChosenModifyVC.swift in Copy Files */,
				7648789223D1A2CC001E63CE /* DFAPI.swift in Copy Files */,
				76B11BFE23EBF96000F407DE /* DFVersionCode.swift in Copy Files */,
				7648788223D1A2A6001E63CE /* FormChoiceCell.swift in Copy Files */,
				7648787523D1A28A001E63CE /* SingleSelectionCell.xib in Copy Files */,
				76BAD62A28348690002D6476 /* UITextViewExtension.swift in Copy Files */,
				7648788323D1A2A8001E63CE /* fileCell.xib in Copy Files */,
				7648787623D1A28C001E63CE /* SingleSelectionCell.swift in Copy Files */,
				7648787823D1A290001E63CE /* MultiSelectionCell.swift in Copy Files */,
				7648787323D1A285001E63CE /* UploadCell.xib in Copy Files */,
				7648787223D1A280001E63CE /* Assets.xcassets in Copy Files */,
				7648788923D1A2B9001E63CE /* FormListData.swift in Copy Files */,
				7648788423D1A2AB001E63CE /* fileCell.swift in Copy Files */,
				76D2F0CE28163E760073B20A /* DFTableCell.xib in Copy Files */,
				7648788F23D1A2C5001E63CE /* DateFormatter.swift in Copy Files */,
				7648786E23D1A272001E63CE /* DFmainVC.swift in Copy Files */,
				7648788B23D1A2BD001E63CE /* FormByIdData.swift in Copy Files */,
				7648788A23D1A2BB001E63CE /* FormData.swift in Copy Files */,
				76095C9A23F693D000C1A73A /* DFLocalizable.strings in Copy Files */,
				7648787A23D1A295001E63CE /* KeyValueCell.swift in Copy Files */,
				76A2078927F42AB2003BE45B /* DFSignCell.xib in Copy Files */,
				7648788123D1A2A4001E63CE /* FormChoiceCell.xib in Copy Files */,
				762C1EDC29DE655B00FDE53C /* DFNibOwnerLoadable.swift in Copy Files */,
				76275F7223F3D972003F240F /* DFLocalizable.swift in Copy Files */,
				7648787F23D1A2A0001E63CE /* FormTextAreaCell.xib in Copy Files */,
				7648789023D1A2C9001E63CE /* DFUtil.swift in Copy Files */,
				7648787D23D1A29B001E63CE /* FormTextFieldCell.xib in Copy Files */,
				76A2078027F427EB003BE45B /* DFElecSignVC.swift in Copy Files */,
				7648788623D1A2AF001E63CE /* DynamicFieldCell.swift in Copy Files */,
				7648788023D1A2A2001E63CE /* FormTextAreaCell.swift in Copy Files */,
				7648789323D1A2D4001E63CE /* UILabelExtensive.swift in Copy Files */,
				7648788E23D1A2C3001E63CE /* DFDisposableToken.swift in Copy Files */,
				76A2078C27F42B35003BE45B /* DFSignImages.swift in Copy Files */,
				76BAD60928227671002D6476 /* DynamicDelegate.swift in Copy Files */,
				76A2077D27F42725003BE45B /* DFDrawingView.swift in Copy Files */,
			);
			name = "Copy Files";
			runOnlyForDeploymentPostprocessing = 0;
		};
/* End PBXCopyFilesBuildPhase section */

/* Begin PBXFileReference section */
		76095C9B23F693D000C1A73A /* zh-Hant */ = {isa = PBXFileReference; lastKnownFileType = text.plist.strings; name = "zh-Hant"; path = "zh-Hant.lproj/DFLocalizable.strings"; sourceTree = "<group>"; };
		76095C9D23F693D400C1A73A /* en */ = {isa = PBXFileReference; lastKnownFileType = text.plist.strings; name = en; path = en.lproj/DFLocalizable.strings; sourceTree = "<group>"; };
		760A023823D05C5E00CF2BC9 /* FPCDynamicForm.framework */ = {isa = PBXFileReference; explicitFileType = wrapper.framework; includeInIndex = 0; path = FPCDynamicForm.framework; sourceTree = BUILT_PRODUCTS_DIR; };
		760A023B23D05C5E00CF2BC9 /* FpcDF.h */ = {isa = PBXFileReference; lastKnownFileType = sourcecode.c.h; path = FpcDF.h; sourceTree = "<group>"; };
		760A023C23D05C5E00CF2BC9 /* Info.plist */ = {isa = PBXFileReference; lastKnownFileType = text.plist.xml; path = Info.plist; sourceTree = "<group>"; };
		760A025523D1321F00CF2BC9 /* Assets.xcassets */ = {isa = PBXFileReference; lastKnownFileType = folder.assetcatalog; path = Assets.xcassets; sourceTree = "<group>"; };
		760A025723D1325200CF2BC9 /* UniFpcDF-Bridging-Header.h */ = {isa = PBXFileReference; lastKnownFileType = sourcecode.c.h; path = "UniFpcDF-Bridging-Header.h"; sourceTree = "<group>"; };
		760A025823D1325200CF2BC9 /* FormTextFieldCell.xib */ = {isa = PBXFileReference; fileEncoding = 4; lastKnownFileType = file.xib; path = FormTextFieldCell.xib; sourceTree = "<group>"; };
		760A025923D1325200CF2BC9 /* FormChoiceCell.swift */ = {isa = PBXFileReference; fileEncoding = 4; lastKnownFileType = sourcecode.swift; path = FormChoiceCell.swift; sourceTree = "<group>"; };
		760A025A23D1325300CF2BC9 /* FormTextAreaCell.xib */ = {isa = PBXFileReference; fileEncoding = 4; lastKnownFileType = file.xib; path = FormTextAreaCell.xib; sourceTree = "<group>"; };
		760A025B23D1325300CF2BC9 /* FormTitleCell.swift */ = {isa = PBXFileReference; fileEncoding = 4; lastKnownFileType = sourcecode.swift; path = FormTitleCell.swift; sourceTree = "<group>"; };
		760A025C23D1325300CF2BC9 /* FormTitleCell.xib */ = {isa = PBXFileReference; fileEncoding = 4; lastKnownFileType = file.xib; path = FormTitleCell.xib; sourceTree = "<group>"; };
		760A025D23D1325300CF2BC9 /* MultiSelectionCell.swift */ = {isa = PBXFileReference; fileEncoding = 4; lastKnownFileType = sourcecode.swift; path = MultiSelectionCell.swift; sourceTree = "<group>"; };
		760A025E23D1325300CF2BC9 /* SingleSelectionCell.xib */ = {isa = PBXFileReference; fileEncoding = 4; lastKnownFileType = file.xib; path = SingleSelectionCell.xib; sourceTree = "<group>"; };
		760A025F23D1325300CF2BC9 /* fileCell.xib */ = {isa = PBXFileReference; fileEncoding = 4; lastKnownFileType = file.xib; path = fileCell.xib; sourceTree = "<group>"; };
		760A026023D1325300CF2BC9 /* UploadCell.swift */ = {isa = PBXFileReference; fileEncoding = 4; lastKnownFileType = sourcecode.swift; path = UploadCell.swift; sourceTree = "<group>"; };
		760A026123D1325300CF2BC9 /* DynamicFieldCell.swift */ = {isa = PBXFileReference; fileEncoding = 4; lastKnownFileType = sourcecode.swift; path = DynamicFieldCell.swift; sourceTree = "<group>"; };
		760A026223D1325300CF2BC9 /* FormTextFieldCell.swift */ = {isa = PBXFileReference; fileEncoding = 4; lastKnownFileType = sourcecode.swift; path = FormTextFieldCell.swift; sourceTree = "<group>"; };
		760A026323D1325300CF2BC9 /* KeyValueCell.swift */ = {isa = PBXFileReference; fileEncoding = 4; lastKnownFileType = sourcecode.swift; path = KeyValueCell.swift; sourceTree = "<group>"; };
		760A026423D1325300CF2BC9 /* KeyValueCell.xib */ = {isa = PBXFileReference; fileEncoding = 4; lastKnownFileType = file.xib; path = KeyValueCell.xib; sourceTree = "<group>"; };
		760A026523D1325300CF2BC9 /* FormTextAreaCell.swift */ = {isa = PBXFileReference; fileEncoding = 4; lastKnownFileType = sourcecode.swift; path = FormTextAreaCell.swift; sourceTree = "<group>"; };
		760A026623D1325300CF2BC9 /* MultiSelectionCell.xib */ = {isa = PBXFileReference; fileEncoding = 4; lastKnownFileType = file.xib; path = MultiSelectionCell.xib; sourceTree = "<group>"; };
		760A026723D1325300CF2BC9 /* SingleSelectionCell.swift */ = {isa = PBXFileReference; fileEncoding = 4; lastKnownFileType = sourcecode.swift; path = SingleSelectionCell.swift; sourceTree = "<group>"; };
		760A026823D1325300CF2BC9 /* UploadCell.xib */ = {isa = PBXFileReference; fileEncoding = 4; lastKnownFileType = file.xib; path = UploadCell.xib; sourceTree = "<group>"; };
		760A026923D1325300CF2BC9 /* FormChoiceCell.xib */ = {isa = PBXFileReference; fileEncoding = 4; lastKnownFileType = file.xib; path = FormChoiceCell.xib; sourceTree = "<group>"; };
		760A026A23D1325300CF2BC9 /* DynamicFieldCell.xib */ = {isa = PBXFileReference; fileEncoding = 4; lastKnownFileType = file.xib; path = DynamicFieldCell.xib; sourceTree = "<group>"; };
		760A026B23D1325300CF2BC9 /* fileCell.swift */ = {isa = PBXFileReference; fileEncoding = 4; lastKnownFileType = sourcecode.swift; path = fileCell.swift; sourceTree = "<group>"; };
		760A029523D1329000CF2BC9 /* UIkitExtension.swift */ = {isa = PBXFileReference; fileEncoding = 4; lastKnownFileType = sourcecode.swift; path = UIkitExtension.swift; sourceTree = "<group>"; };
		760A029623D1329000CF2BC9 /* UIColor+extension.swift */ = {isa = PBXFileReference; fileEncoding = 4; lastKnownFileType = sourcecode.swift; path = "UIColor+extension.swift"; sourceTree = "<group>"; };
		760A029B23D132BE00CF2BC9 /* DynamicInput.swift */ = {isa = PBXFileReference; fileEncoding = 4; lastKnownFileType = sourcecode.swift; path = DynamicInput.swift; sourceTree = "<group>"; };
		760A029C23D132BE00CF2BC9 /* FormListData.swift */ = {isa = PBXFileReference; fileEncoding = 4; lastKnownFileType = sourcecode.swift; path = FormListData.swift; sourceTree = "<group>"; };
		760A029D23D132BE00CF2BC9 /* FormData.swift */ = {isa = PBXFileReference; fileEncoding = 4; lastKnownFileType = sourcecode.swift; path = FormData.swift; sourceTree = "<group>"; };
		760A029E23D132BE00CF2BC9 /* DFErrorType.swift */ = {isa = PBXFileReference; fileEncoding = 4; lastKnownFileType = sourcecode.swift; path = DFErrorType.swift; sourceTree = "<group>"; };
		760A029F23D132BE00CF2BC9 /* DateFormatter.swift */ = {isa = PBXFileReference; fileEncoding = 4; lastKnownFileType = sourcecode.swift; path = DateFormatter.swift; sourceTree = "<group>"; };
		760A02A023D132BE00CF2BC9 /* FormByIdData.swift */ = {isa = PBXFileReference; fileEncoding = 4; lastKnownFileType = sourcecode.swift; path = FormByIdData.swift; sourceTree = "<group>"; };
		760A02A123D132BE00CF2BC9 /* DFDisposableToken.swift */ = {isa = PBXFileReference; fileEncoding = 4; lastKnownFileType = sourcecode.swift; path = DFDisposableToken.swift; sourceTree = "<group>"; };
		760A02B123D132FC00CF2BC9 /* DFAPI.swift */ = {isa = PBXFileReference; fileEncoding = 4; lastKnownFileType = sourcecode.swift; path = DFAPI.swift; sourceTree = "<group>"; };
		760A02B223D132FC00CF2BC9 /* DFJSONKey.swift */ = {isa = PBXFileReference; fileEncoding = 4; lastKnownFileType = sourcecode.swift; path = DFJSONKey.swift; sourceTree = "<group>"; };
		760A02B323D132FC00CF2BC9 /* DFUtil.swift */ = {isa = PBXFileReference; fileEncoding = 4; lastKnownFileType = sourcecode.swift; path = DFUtil.swift; sourceTree = "<group>"; };
		760A02BA23D1330D00CF2BC9 /* DFmainVC.swift */ = {isa = PBXFileReference; fileEncoding = 4; lastKnownFileType = sourcecode.swift; path = DFmainVC.swift; sourceTree = "<group>"; };
		760A02BB23D1330D00CF2BC9 /* DFSelectionVC.swift */ = {isa = PBXFileReference; fileEncoding = 4; lastKnownFileType = sourcecode.swift; path = DFSelectionVC.swift; sourceTree = "<group>"; };
		760A02BC23D1330D00CF2BC9 /* DFChosenModifyVC.swift */ = {isa = PBXFileReference; fileEncoding = 4; lastKnownFileType = sourcecode.swift; path = DFChosenModifyVC.swift; sourceTree = "<group>"; };
		760A02C323D1332700CF2BC9 /* UILabelExtensive.swift */ = {isa = PBXFileReference; fileEncoding = 4; lastKnownFileType = sourcecode.swift; path = UILabelExtensive.swift; sourceTree = "<group>"; };
		760A02C623D1333A00CF2BC9 /* DFMain.storyboard */ = {isa = PBXFileReference; lastKnownFileType = file.storyboard; path = DFMain.storyboard; sourceTree = "<group>"; };
		760A02CF23D177C200CF2BC9 /* DynamicForm.swift */ = {isa = PBXFileReference; lastKnownFileType = sourcecode.swift; path = DynamicForm.swift; sourceTree = "<group>"; };
		762C1EDA29DE655B00FDE53C /* DFNibOwnerLoadable.swift */ = {isa = PBXFileReference; lastKnownFileType = sourcecode.swift; path = DFNibOwnerLoadable.swift; sourceTree = "<group>"; };
		762C1EDE29DE659000FDE53C /* DFInputView.swift */ = {isa = PBXFileReference; fileEncoding = 4; lastKnownFileType = sourcecode.swift; path = DFInputView.swift; sourceTree = "<group>"; };
		762C1EDF29DE659000FDE53C /* DFInputView.xib */ = {isa = PBXFileReference; fileEncoding = 4; lastKnownFileType = file.xib; path = DFInputView.xib; sourceTree = "<group>"; };
		765D529A23E3AFB300AE354C /* DFResult.swift */ = {isa = PBXFileReference; lastKnownFileType = sourcecode.swift; path = DFResult.swift; sourceTree = "<group>"; };
		765D529E23E3C06200AE354C /* DFLocalizable.swift */ = {isa = PBXFileReference; lastKnownFileType = sourcecode.swift; path = DFLocalizable.swift; sourceTree = "<group>"; };
		76A2077A27F42720003BE45B /* UniFPCDynamicForm-Bridging-Header.h */ = {isa = PBXFileReference; lastKnownFileType = sourcecode.c.h; path = "UniFPCDynamicForm-Bridging-Header.h"; sourceTree = "<group>"; };
		76A2077B27F42725003BE45B /* DFDrawingView.swift */ = {isa = PBXFileReference; lastKnownFileType = sourcecode.swift; path = DFDrawingView.swift; sourceTree = "<group>"; };
		76A2077E27F427EB003BE45B /* DFElecSignVC.swift */ = {isa = PBXFileReference; lastKnownFileType = sourcecode.swift; path = DFElecSignVC.swift; sourceTree = "<group>"; };
		76A2078127F42900003BE45B /* DFUIImageExtensive.swift */ = {isa = PBXFileReference; lastKnownFileType = sourcecode.swift; path = DFUIImageExtensive.swift; sourceTree = "<group>"; };
		76A2078427F42AB2003BE45B /* DFSignCell.swift */ = {isa = PBXFileReference; lastKnownFileType = sourcecode.swift; path = DFSignCell.swift; sourceTree = "<group>"; };
		76A2078527F42AB2003BE45B /* DFSignCell.xib */ = {isa = PBXFileReference; lastKnownFileType = file.xib; path = DFSignCell.xib; sourceTree = "<group>"; };
		76A2078A27F42B35003BE45B /* DFSignImages.swift */ = {isa = PBXFileReference; lastKnownFileType = sourcecode.swift; path = DFSignImages.swift; sourceTree = "<group>"; };
		76B11BFC23EBF95D00F407DE /* DFVersionCode.swift */ = {isa = PBXFileReference; lastKnownFileType = sourcecode.swift; path = DFVersionCode.swift; sourceTree = "<group>"; };
		76B11C2923ED3D6F00F407DE /* DFImageVC.swift */ = {isa = PBXFileReference; lastKnownFileType = sourcecode.swift; path = DFImageVC.swift; sourceTree = "<group>"; };
		76BAD60728227671002D6476 /* DynamicDelegate.swift */ = {isa = PBXFileReference; lastKnownFileType = sourcecode.swift; path = DynamicDelegate.swift; sourceTree = "<group>"; };
		76BAD62828348690002D6476 /* UITextViewExtension.swift */ = {isa = PBXFileReference; lastKnownFileType = sourcecode.swift; path = UITextViewExtension.swift; sourceTree = "<group>"; };
		76D2F0C928163E760073B20A /* DFTableCell.swift */ = {isa = PBXFileReference; fileEncoding = 4; lastKnownFileType = sourcecode.swift; path = DFTableCell.swift; sourceTree = "<group>"; };
		76D2F0CA28163E760073B20A /* DFTableCell.xib */ = {isa = PBXFileReference; fileEncoding = 4; lastKnownFileType = file.xib; path = DFTableCell.xib; sourceTree = "<group>"; };
/* End PBXFileReference section */

/* Begin PBXFrameworksBuildPhase section */
		760A023523D05C5E00CF2BC9 /* Frameworks */ = {
			isa = PBXFrameworksBuildPhase;
			buildActionMask = 2147483647;
			files = (
			);
			runOnlyForDeploymentPostprocessing = 0;
		};
/* End PBXFrameworksBuildPhase section */

/* Begin PBXGroup section */
		3F80E72C4B6CFCAAA48AA6C1 /* Frameworks */ = {
			isa = PBXGroup;
			children = (
			);
			name = Frameworks;
			sourceTree = "<group>";
		};
		760A022E23D05C5E00CF2BC9 = {
			isa = PBXGroup;
			children = (
				760A023A23D05C5E00CF2BC9 /* FpcDF */,
				760A023923D05C5E00CF2BC9 /* Products */,
				3F80E72C4B6CFCAAA48AA6C1 /* Frameworks */,
			);
			sourceTree = "<group>";
		};
		760A023923D05C5E00CF2BC9 /* Products */ = {
			isa = PBXGroup;
			children = (
				760A023823D05C5E00CF2BC9 /* FPCDynamicForm.framework */,
			);
			name = Products;
			sourceTree = "<group>";
		};
		760A023A23D05C5E00CF2BC9 /* FpcDF */ = {
			isa = PBXGroup;
			children = (
				762C1EDD29DE656800FDE53C /* View */,
				762C1ED929DE651900FDE53C /* Protocol */,
				760A025423D1320100CF2BC9 /* Framework */,
				760A025323D131FC00CF2BC9 /* UI */,
				760A025223D131F700CF2BC9 /* VC */,
				760A02B023D132E500CF2BC9 /* Utility */,
				760A025123D131F000CF2BC9 /* Model */,
				760A024F23D131A600CF2BC9 /* Extension */,
				760A024E23D1319C00CF2BC9 /* Cell */,
				760A023B23D05C5E00CF2BC9 /* FpcDF.h */,
				760A023C23D05C5E00CF2BC9 /* Info.plist */,
				760A025523D1321F00CF2BC9 /* Assets.xcassets */,
				760A02C623D1333A00CF2BC9 /* DFMain.storyboard */,
				760A02CF23D177C200CF2BC9 /* DynamicForm.swift */,
				765D529E23E3C06200AE354C /* DFLocalizable.swift */,
				76095C9C23F693D000C1A73A /* DFLocalizable.strings */,
			);
			path = FpcDF;
			sourceTree = "<group>";
		};
		760A024E23D1319C00CF2BC9 /* Cell */ = {
			isa = PBXGroup;
			children = (
				760A026123D1325300CF2BC9 /* DynamicFieldCell.swift */,
				760A026A23D1325300CF2BC9 /* DynamicFieldCell.xib */,
				760A026B23D1325300CF2BC9 /* fileCell.swift */,
				760A025F23D1325300CF2BC9 /* fileCell.xib */,
				760A025923D1325200CF2BC9 /* FormChoiceCell.swift */,
				760A026923D1325300CF2BC9 /* FormChoiceCell.xib */,
				760A026523D1325300CF2BC9 /* FormTextAreaCell.swift */,
				760A025A23D1325300CF2BC9 /* FormTextAreaCell.xib */,
				760A026223D1325300CF2BC9 /* FormTextFieldCell.swift */,
				760A025823D1325200CF2BC9 /* FormTextFieldCell.xib */,
				760A025B23D1325300CF2BC9 /* FormTitleCell.swift */,
				760A025C23D1325300CF2BC9 /* FormTitleCell.xib */,
				760A026323D1325300CF2BC9 /* KeyValueCell.swift */,
				760A026423D1325300CF2BC9 /* KeyValueCell.xib */,
				760A025D23D1325300CF2BC9 /* MultiSelectionCell.swift */,
				760A026623D1325300CF2BC9 /* MultiSelectionCell.xib */,
				760A026723D1325300CF2BC9 /* SingleSelectionCell.swift */,
				760A025E23D1325300CF2BC9 /* SingleSelectionCell.xib */,
				760A026023D1325300CF2BC9 /* UploadCell.swift */,
				760A026823D1325300CF2BC9 /* UploadCell.xib */,
				760A025723D1325200CF2BC9 /* UniFpcDF-Bridging-Header.h */,
				76A2078427F42AB2003BE45B /* DFSignCell.swift */,
				76A2078527F42AB2003BE45B /* DFSignCell.xib */,
				76D2F0C928163E760073B20A /* DFTableCell.swift */,
				76D2F0CA28163E760073B20A /* DFTableCell.xib */,
			);
			path = Cell;
			sourceTree = "<group>";
		};
		760A024F23D131A600CF2BC9 /* Extension */ = {
			isa = PBXGroup;
			children = (
				760A029623D1329000CF2BC9 /* UIColor+extension.swift */,
				760A029523D1329000CF2BC9 /* UIkitExtension.swift */,
			);
			path = Extension;
			sourceTree = "<group>";
		};
		760A025123D131F000CF2BC9 /* Model */ = {
			isa = PBXGroup;
			children = (
				760A029F23D132BE00CF2BC9 /* DateFormatter.swift */,
				760A02A123D132BE00CF2BC9 /* DFDisposableToken.swift */,
				760A029E23D132BE00CF2BC9 /* DFErrorType.swift */,
				760A029B23D132BE00CF2BC9 /* DynamicInput.swift */,
				760A02A023D132BE00CF2BC9 /* FormByIdData.swift */,
				760A029D23D132BE00CF2BC9 /* FormData.swift */,
				760A029C23D132BE00CF2BC9 /* FormListData.swift */,
				76B11BFC23EBF95D00F407DE /* DFVersionCode.swift */,
				76A2078A27F42B35003BE45B /* DFSignImages.swift */,
			);
			path = Model;
			sourceTree = "<group>";
		};
		760A025223D131F700CF2BC9 /* VC */ = {
			isa = PBXGroup;
			children = (
				760A02BC23D1330D00CF2BC9 /* DFChosenModifyVC.swift */,
				760A02BA23D1330D00CF2BC9 /* DFmainVC.swift */,
				760A02BB23D1330D00CF2BC9 /* DFSelectionVC.swift */,
				76B11C2923ED3D6F00F407DE /* DFImageVC.swift */,
				76A2077E27F427EB003BE45B /* DFElecSignVC.swift */,
			);
			path = VC;
			sourceTree = "<group>";
		};
		760A025323D131FC00CF2BC9 /* UI */ = {
			isa = PBXGroup;
			children = (
				760A02C323D1332700CF2BC9 /* UILabelExtensive.swift */,
				76A2077B27F42725003BE45B /* DFDrawingView.swift */,
				76A2077A27F42720003BE45B /* UniFPCDynamicForm-Bridging-Header.h */,
				76A2078127F42900003BE45B /* DFUIImageExtensive.swift */,
				76BAD62828348690002D6476 /* UITextViewExtension.swift */,
			);
			path = UI;
			sourceTree = "<group>";
		};
		760A025423D1320100CF2BC9 /* Framework */ = {
			isa = PBXGroup;
			children = (
			);
			path = Framework;
			sourceTree = "<group>";
		};
		760A02B023D132E500CF2BC9 /* Utility */ = {
			isa = PBXGroup;
			children = (
				760A02B123D132FC00CF2BC9 /* DFAPI.swift */,
				760A02B223D132FC00CF2BC9 /* DFJSONKey.swift */,
				760A02B323D132FC00CF2BC9 /* DFUtil.swift */,
				765D529A23E3AFB300AE354C /* DFResult.swift */,
				76BAD60728227671002D6476 /* DynamicDelegate.swift */,
			);
			path = Utility;
			sourceTree = "<group>";
		};
		762C1ED929DE651900FDE53C /* Protocol */ = {
			isa = PBXGroup;
			children = (
				762C1EDA29DE655B00FDE53C /* DFNibOwnerLoadable.swift */,
			);
			path = Protocol;
			sourceTree = "<group>";
		};
		762C1EDD29DE656800FDE53C /* View */ = {
			isa = PBXGroup;
			children = (
				762C1EDE29DE659000FDE53C /* DFInputView.swift */,
				762C1EDF29DE659000FDE53C /* DFInputView.xib */,
			);
			path = View;
			sourceTree = "<group>";
		};
/* End PBXGroup section */

/* Begin PBXHeadersBuildPhase section */
		760A023323D05C5E00CF2BC9 /* Headers */ = {
			isa = PBXHeadersBuildPhase;
			buildActionMask = 2147483647;
			files = (
				760A023D23D05C5E00CF2BC9 /* FpcDF.h in Headers */,
			);
			runOnlyForDeploymentPostprocessing = 0;
		};
/* End PBXHeadersBuildPhase section */

/* Begin PBXNativeTarget section */
		760A023723D05C5E00CF2BC9 /* FPCDynamicForm */ = {
			isa = PBXNativeTarget;
			buildConfigurationList = 760A024023D05C5E00CF2BC9 /* Build configuration list for PBXNativeTarget "FPCDynamicForm" */;
			buildPhases = (
				760A023323D05C5E00CF2BC9 /* Headers */,
				760A023423D05C5E00CF2BC9 /* Sources */,
				760A023523D05C5E00CF2BC9 /* Frameworks */,
				760A023623D05C5E00CF2BC9 /* Resources */,
				760A02D623D178B800CF2BC9 /* CopyFiles */,
			);
			buildRules = (
			);
			dependencies = (
			);
			name = FPCDynamicForm;
			productName = FpcDF;
			productReference = 760A023823D05C5E00CF2BC9 /* FPCDynamicForm.framework */;
			productType = "com.apple.product-type.framework";
		};
/* End PBXNativeTarget section */

/* Begin PBXProject section */
		760A022F23D05C5E00CF2BC9 /* Project object */ = {
			isa = PBXProject;
			attributes = {
				LastUpgradeCheck = 1030;
				ORGANIZATIONNAME = "陳仲堯";
				TargetAttributes = {
					760A023723D05C5E00CF2BC9 = {
						CreatedOnToolsVersion = 10.3;
						LastSwiftMigration = 1030;
					};
					7648786823D1A24C001E63CE = {
						CreatedOnToolsVersion = 10.3;
						LastSwiftMigration = 1320;
					};
				};
			};
			buildConfigurationList = 760A023223D05C5E00CF2BC9 /* Build configuration list for PBXProject "FPCDynamicForm" */;
			compatibilityVersion = "Xcode 9.3";
			developmentRegion = en;
			hasScannedForEncodings = 0;
			knownRegions = (
				en,
				"zh-Hant",
			);
			mainGroup = 760A022E23D05C5E00CF2BC9;
			productRefGroup = 760A023923D05C5E00CF2BC9 /* Products */;
			projectDirPath = "";
			projectRoot = "";
			targets = (
				760A023723D05C5E00CF2BC9 /* FPCDynamicForm */,
				7648786823D1A24C001E63CE /* UniFPCDynamicForm */,
			);
		};
/* End PBXProject section */

/* Begin PBXResourcesBuildPhase section */
		760A023623D05C5E00CF2BC9 /* Resources */ = {
			isa = PBXResourcesBuildPhase;
			buildActionMask = 2147483647;
			files = (
				76D2F0CD28163E760073B20A /* DFTableCell.xib in Resources */,
				760A027D23D1325300CF2BC9 /* FormChoiceCell.xib in Resources */,
				760A027A23D1325300CF2BC9 /* MultiSelectionCell.xib in Resources */,
				760A027C23D1325300CF2BC9 /* UploadCell.xib in Resources */,
				760A027223D1325300CF2BC9 /* SingleSelectionCell.xib in Resources */,
				762C1EE229DE659000FDE53C /* DFInputView.xib in Resources */,
				760A027323D1325300CF2BC9 /* fileCell.xib in Resources */,
				760A027E23D1325300CF2BC9 /* DynamicFieldCell.xib in Resources */,
				760A027023D1325300CF2BC9 /* FormTitleCell.xib in Resources */,
				76095C9923F693D000C1A73A /* DFLocalizable.strings in Resources */,
				760A025623D1321F00CF2BC9 /* Assets.xcassets in Resources */,
				760A027823D1325300CF2BC9 /* KeyValueCell.xib in Resources */,
				760A026C23D1325300CF2BC9 /* FormTextFieldCell.xib in Resources */,
				760A026E23D1325300CF2BC9 /* FormTextAreaCell.xib in Resources */,
				76A2078827F42AB2003BE45B /* DFSignCell.xib in Resources */,
				760A02C723D1333A00CF2BC9 /* DFMain.storyboard in Resources */,
			);
			runOnlyForDeploymentPostprocessing = 0;
		};
/* End PBXResourcesBuildPhase section */

/* Begin PBXShellScriptBuildPhase section */
		7648789623D1A2E2001E63CE /* Make Universal Library */ = {
			isa = PBXShellScriptBuildPhase;
			buildActionMask = 2147483647;
			files = (
			);
			inputFileListPaths = (
			);
			inputPaths = (
			);
			name = "Make Universal Library";
			outputFileListPaths = (
			);
			outputPaths = (
			);
			runOnlyForDeploymentPostprocessing = 0;
			shellPath = /bin/sh;
			shellScript = "#!/bin/sh\nUNIVERSAL_OUTPUTFOLDER=${BUILD_DIR}/${CONFIGURATION}-universal\n\n# make sure the output directory exists\nmkdir -p \"${UNIVERSAL_OUTPUTFOLDER}\"\n\n# Step 1. Build Device and Simulator versions\nxcodebuild -target \"FPCDynamicForm\" ONLY_ACTIVE_ARCH=NO -configuration ${CONFIGURATION} -sdk iphoneos  BUILD_DIR=\"${BUILD_DIR}\" BUILD_ROOT=\"${BUILD_ROOT}\" clean build\nxcodebuild -target \"FPCDynamicForm\" -configuration ${CONFIGURATION} -sdk iphonesimulator ONLY_ACTIVE_ARCH=NO BUILD_DIR=\"${BUILD_DIR}\" BUILD_ROOT=\"${BUILD_ROOT}\" clean build\n\n# Step 2. Copy the framework structure (from iphoneos build) to the universal folder\ncp -R \"${BUILD_DIR}/${CONFIGURATION}-iphoneos/FPCDynamicForm.framework\" \"${UNIVERSAL_OUTPUTFOLDER}/\"\n\n# Step 3. Copy Swift modules from iphonesimulator build (if it exists) to the copied framework directory\nSIMULATOR_SWIFT_MODULES_DIR=\"${BUILD_DIR}/${CONFIGURATION}-iphonesimulator/FPCDynamicForm.framework/Modules/FPCDynamicForm.swiftmodule/.\"\nif [ -d \"${SIMULATOR_SWIFT_MODULES_DIR}\" ]; then\ncp -R \"${SIMULATOR_SWIFT_MODULES_DIR}\" \"${UNIVERSAL_OUTPUTFOLDER}/FPCDynamicForm.framework/Modules/FPCDynamicForm.swiftmodule\"\nfi\n\n# Step 4. Create universal binary file using lipo and place the combined executable in the copied framework directory\nlipo -create -output \"${UNIVERSAL_OUTPUTFOLDER}/FPCDynamicForm.framework/FPCDynamicForm\" \"${BUILD_DIR}/${CONFIGURATION}-iphonesimulator/FPCDynamicForm.framework/FPCDynamicForm\" \"${BUILD_DIR}/${CONFIGURATION}-iphoneos/FPCDynamicForm.framework/FPCDynamicForm\"\n\n# Step 5. Convenience step to copy the framework to the project's directory\ncp -R \"${UNIVERSAL_OUTPUTFOLDER}/FPCDynamicForm.framework\" \"${PROJECT_DIR}\"\n\n# Step 6. Convenience step to open the project's directory in Finder\nopen \"${PROJECT_DIR}\"\n";
		};
/* End PBXShellScriptBuildPhase section */

/* Begin PBXSourcesBuildPhase section */
		760A023423D05C5E00CF2BC9 /* Sources */ = {
			isa = PBXSourcesBuildPhase;
			buildActionMask = 2147483647;
			files = (
				760A027423D1325300CF2BC9 /* UploadCell.swift in Sources */,
				760A027623D1325300CF2BC9 /* FormTextFieldCell.swift in Sources */,
				760A02BD23D1330D00CF2BC9 /* DFmainVC.swift in Sources */,
				760A02A823D132BE00CF2BC9 /* DFErrorType.swift in Sources */,
				762C1EE029DE659000FDE53C /* DFInputView.swift in Sources */,
				760A02B823D132FC00CF2BC9 /* DFUtil.swift in Sources */,
				76A2078227F42900003BE45B /* DFUIImageExtensive.swift in Sources */,
				760A02AC23D132BE00CF2BC9 /* FormByIdData.swift in Sources */,
				760A027B23D1325300CF2BC9 /* SingleSelectionCell.swift in Sources */,
				760A02C123D1330D00CF2BC9 /* DFChosenModifyVC.swift in Sources */,
				760A02BF23D1330D00CF2BC9 /* DFSelectionVC.swift in Sources */,
				760A02B623D132FC00CF2BC9 /* DFJSONKey.swift in Sources */,
				760A029923D1329000CF2BC9 /* UIColor+extension.swift in Sources */,
				76D2F0CB28163E760073B20A /* DFTableCell.swift in Sources */,
				760A02D023D177C200CF2BC9 /* DynamicForm.swift in Sources */,
				760A029723D1329000CF2BC9 /* UIkitExtension.swift in Sources */,
				760A027F23D1325300CF2BC9 /* fileCell.swift in Sources */,
				760A02AA23D132BE00CF2BC9 /* DateFormatter.swift in Sources */,
				760A02AE23D132BE00CF2BC9 /* DFDisposableToken.swift in Sources */,
				76A2077F27F427EB003BE45B /* DFElecSignVC.swift in Sources */,
				760A02B423D132FC00CF2BC9 /* DFAPI.swift in Sources */,
				76BAD60828227671002D6476 /* DynamicDelegate.swift in Sources */,
				762C1EDB29DE655B00FDE53C /* DFNibOwnerLoadable.swift in Sources */,
				760A02A223D132BE00CF2BC9 /* DynamicInput.swift in Sources */,
				760A026F23D1325300CF2BC9 /* FormTitleCell.swift in Sources */,
				76B11BFD23EBF95D00F407DE /* DFVersionCode.swift in Sources */,
				76A2078B27F42B35003BE45B /* DFSignImages.swift in Sources */,
				76B11C2A23ED3D6F00F407DE /* DFImageVC.swift in Sources */,
				76A2078627F42AB2003BE45B /* DFSignCell.swift in Sources */,
				760A02A623D132BE00CF2BC9 /* FormData.swift in Sources */,
				760A027923D1325300CF2BC9 /* FormTextAreaCell.swift in Sources */,
				760A02A423D132BE00CF2BC9 /* FormListData.swift in Sources */,
				760A026D23D1325300CF2BC9 /* FormChoiceCell.swift in Sources */,
				760A027123D1325300CF2BC9 /* MultiSelectionCell.swift in Sources */,
				765D529F23E3C06200AE354C /* DFLocalizable.swift in Sources */,
				760A027523D1325300CF2BC9 /* DynamicFieldCell.swift in Sources */,
				760A02C423D1332700CF2BC9 /* UILabelExtensive.swift in Sources */,
				765D529B23E3AFB300AE354C /* DFResult.swift in Sources */,
				76BAD62928348690002D6476 /* UITextViewExtension.swift in Sources */,
				760A027723D1325300CF2BC9 /* KeyValueCell.swift in Sources */,
				76A2077C27F42725003BE45B /* DFDrawingView.swift in Sources */,
			);
			runOnlyForDeploymentPostprocessing = 0;
		};
/* End PBXSourcesBuildPhase section */

/* Begin PBXVariantGroup section */
		76095C9C23F693D000C1A73A /* DFLocalizable.strings */ = {
			isa = PBXVariantGroup;
			children = (
				76095C9B23F693D000C1A73A /* zh-Hant */,
				76095C9D23F693D400C1A73A /* en */,
			);
			name = DFLocalizable.strings;
			sourceTree = "<group>";
		};
/* End PBXVariantGroup section */

/* Begin XCBuildConfiguration section */
		760A023E23D05C5E00CF2BC9 /* Debug */ = {
			isa = XCBuildConfiguration;
			buildSettings = {
				ALWAYS_SEARCH_USER_PATHS = NO;
				CLANG_ANALYZER_LOCALIZABILITY_NONLOCALIZED = YES;
				CLANG_ANALYZER_NONNULL = YES;
				CLANG_ANALYZER_NUMBER_OBJECT_CONVERSION = YES_AGGRESSIVE;
				CLANG_CXX_LANGUAGE_STANDARD = "gnu++14";
				CLANG_CXX_LIBRARY = "libc++";
				CLANG_ENABLE_MODULES = YES;
				CLANG_ENABLE_OBJC_ARC = YES;
				CLANG_ENABLE_OBJC_WEAK = YES;
				CLANG_WARN_BLOCK_CAPTURE_AUTORELEASING = YES;
				CLANG_WARN_BOOL_CONVERSION = YES;
				CLANG_WARN_COMMA = YES;
				CLANG_WARN_CONSTANT_CONVERSION = YES;
				CLANG_WARN_DEPRECATED_OBJC_IMPLEMENTATIONS = YES;
				CLANG_WARN_DIRECT_OBJC_ISA_USAGE = YES_ERROR;
				CLANG_WARN_DOCUMENTATION_COMMENTS = YES;
				CLANG_WARN_EMPTY_BODY = YES;
				CLANG_WARN_ENUM_CONVERSION = YES;
				CLANG_WARN_INFINITE_RECURSION = YES;
				CLANG_WARN_INT_CONVERSION = YES;
				CLANG_WARN_NON_LITERAL_NULL_CONVERSION = YES;
				CLANG_WARN_OBJC_IMPLICIT_RETAIN_SELF = YES;
				CLANG_WARN_OBJC_LITERAL_CONVERSION = YES;
				CLANG_WARN_OBJC_ROOT_CLASS = YES_ERROR;
				CLANG_WARN_RANGE_LOOP_ANALYSIS = YES;
				CLANG_WARN_STRICT_PROTOTYPES = YES;
				CLANG_WARN_SUSPICIOUS_MOVE = YES;
				CLANG_WARN_UNGUARDED_AVAILABILITY = YES_AGGRESSIVE;
				CLANG_WARN_UNREACHABLE_CODE = YES;
				CLANG_WARN__DUPLICATE_METHOD_MATCH = YES;
				CODE_SIGN_IDENTITY = "iPhone Developer";
				COPY_PHASE_STRIP = NO;
				CURRENT_PROJECT_VERSION = 1;
				DEBUG_INFORMATION_FORMAT = dwarf;
				ENABLE_STRICT_OBJC_MSGSEND = YES;
				ENABLE_TESTABILITY = YES;
				GCC_C_LANGUAGE_STANDARD = gnu11;
				GCC_DYNAMIC_NO_PIC = NO;
				GCC_NO_COMMON_BLOCKS = YES;
				GCC_OPTIMIZATION_LEVEL = 0;
				GCC_PREPROCESSOR_DEFINITIONS = (
					"DEBUG=1",
					"$(inherited)",
				);
				GCC_WARN_64_TO_32_BIT_CONVERSION = YES;
				GCC_WARN_ABOUT_RETURN_TYPE = YES_ERROR;
				GCC_WARN_UNDECLARED_SELECTOR = YES;
				GCC_WARN_UNINITIALIZED_AUTOS = YES_AGGRESSIVE;
				GCC_WARN_UNUSED_FUNCTION = YES;
				GCC_WARN_UNUSED_VARIABLE = YES;
				IPHONEOS_DEPLOYMENT_TARGET = 10.0;
				MTL_ENABLE_DEBUG_INFO = INCLUDE_SOURCE;
				MTL_FAST_MATH = YES;
				ONLY_ACTIVE_ARCH = YES;
				SDKROOT = iphoneos;
				SWIFT_ACTIVE_COMPILATION_CONDITIONS = DEBUG;
				SWIFT_OPTIMIZATION_LEVEL = "-Onone";
				VERSIONING_SYSTEM = "apple-generic";
				VERSION_INFO_PREFIX = "";
			};
			name = Debug;
		};
		760A023F23D05C5E00CF2BC9 /* Release */ = {
			isa = XCBuildConfiguration;
			buildSettings = {
				ALWAYS_SEARCH_USER_PATHS = NO;
				CLANG_ANALYZER_LOCALIZABILITY_NONLOCALIZED = YES;
				CLANG_ANALYZER_NONNULL = YES;
				CLANG_ANALYZER_NUMBER_OBJECT_CONVERSION = YES_AGGRESSIVE;
				CLANG_CXX_LANGUAGE_STANDARD = "gnu++14";
				CLANG_CXX_LIBRARY = "libc++";
				CLANG_ENABLE_MODULES = YES;
				CLANG_ENABLE_OBJC_ARC = YES;
				CLANG_ENABLE_OBJC_WEAK = YES;
				CLANG_WARN_BLOCK_CAPTURE_AUTORELEASING = YES;
				CLANG_WARN_BOOL_CONVERSION = YES;
				CLANG_WARN_COMMA = YES;
				CLANG_WARN_CONSTANT_CONVERSION = YES;
				CLANG_WARN_DEPRECATED_OBJC_IMPLEMENTATIONS = YES;
				CLANG_WARN_DIRECT_OBJC_ISA_USAGE = YES_ERROR;
				CLANG_WARN_DOCUMENTATION_COMMENTS = YES;
				CLANG_WARN_EMPTY_BODY = YES;
				CLANG_WARN_ENUM_CONVERSION = YES;
				CLANG_WARN_INFINITE_RECURSION = YES;
				CLANG_WARN_INT_CONVERSION = YES;
				CLANG_WARN_NON_LITERAL_NULL_CONVERSION = YES;
				CLANG_WARN_OBJC_IMPLICIT_RETAIN_SELF = YES;
				CLANG_WARN_OBJC_LITERAL_CONVERSION = YES;
				CLANG_WARN_OBJC_ROOT_CLASS = YES_ERROR;
				CLANG_WARN_RANGE_LOOP_ANALYSIS = YES;
				CLANG_WARN_STRICT_PROTOTYPES = YES;
				CLANG_WARN_SUSPICIOUS_MOVE = YES;
				CLANG_WARN_UNGUARDED_AVAILABILITY = YES_AGGRESSIVE;
				CLANG_WARN_UNREACHABLE_CODE = YES;
				CLANG_WARN__DUPLICATE_METHOD_MATCH = YES;
				CODE_SIGN_IDENTITY = "iPhone Developer";
				COPY_PHASE_STRIP = NO;
				CURRENT_PROJECT_VERSION = 1;
				DEBUG_INFORMATION_FORMAT = "dwarf-with-dsym";
				ENABLE_NS_ASSERTIONS = NO;
				ENABLE_STRICT_OBJC_MSGSEND = YES;
				GCC_C_LANGUAGE_STANDARD = gnu11;
				GCC_NO_COMMON_BLOCKS = YES;
				GCC_WARN_64_TO_32_BIT_CONVERSION = YES;
				GCC_WARN_ABOUT_RETURN_TYPE = YES_ERROR;
				GCC_WARN_UNDECLARED_SELECTOR = YES;
				GCC_WARN_UNINITIALIZED_AUTOS = YES_AGGRESSIVE;
				GCC_WARN_UNUSED_FUNCTION = YES;
				GCC_WARN_UNUSED_VARIABLE = YES;
				IPHONEOS_DEPLOYMENT_TARGET = 10.0;
				MTL_ENABLE_DEBUG_INFO = NO;
				MTL_FAST_MATH = YES;
				SDKROOT = iphoneos;
				SWIFT_COMPILATION_MODE = wholemodule;
				SWIFT_OPTIMIZATION_LEVEL = "-O";
				VALIDATE_PRODUCT = YES;
				VERSIONING_SYSTEM = "apple-generic";
				VERSION_INFO_PREFIX = "";
			};
			name = Release;
		};
		760A024123D05C5E00CF2BC9 /* Debug */ = {
			isa = XCBuildConfiguration;
			buildSettings = {
				ARCHS = (
					"$(ARCHS_STANDARD)",
					armv7s,
				);
				CLANG_ENABLE_MODULES = YES;
				CODE_SIGN_IDENTITY = "iPhone Developer";
				CODE_SIGN_STYLE = Manual;
				DEAD_CODE_STRIPPING = YES;
				DEFINES_MODULE = YES;
				DEPLOYMENT_POSTPROCESSING = YES;
				DEVELOPMENT_TEAM = "";
				DYLIB_COMPATIBILITY_VERSION = 1;
				DYLIB_CURRENT_VERSION = 1;
				DYLIB_INSTALL_NAME_BASE = "@rpath";
				ENABLE_BITCODE = YES;
				FRAMEWORK_SEARCH_PATHS = (
					"$(inherited)",
					"$(PROJECT_DIR)/FpcDF/Framework",
					"$(PROJECT_DIR)/Carthage/Build/iOS",
				);
				GENERATE_INFOPLIST_FILE = YES;
				INFOPLIST_FILE = FpcDF/Info.plist;
				INSTALL_PATH = "$(LOCAL_LIBRARY_DIR)/Frameworks";
				IPHONEOS_DEPLOYMENT_TARGET = 11.0;
				LD_RUNPATH_SEARCH_PATHS = (
					"$(inherited)",
					"@executable_path/Frameworks",
					"@loader_path/Frameworks",
				);
				MACH_O_TYPE = mh_dylib;
				ONLY_ACTIVE_ARCH = YES;
				PRODUCT_BUNDLE_IDENTIFIER = tw.com.fpc.FPCDynamicForm;
				PRODUCT_NAME = "$(TARGET_NAME:c99extidentifier)";
				PROVISIONING_PROFILE_SPECIFIER = "";
				SKIP_INSTALL = YES;
				SWIFT_OPTIMIZATION_LEVEL = "-Onone";
				SWIFT_VERSION = 4.2;
				TARGETED_DEVICE_FAMILY = "1,2";
			};
			name = Debug;
		};
		760A024223D05C5E00CF2BC9 /* Release */ = {
			isa = XCBuildConfiguration;
			buildSettings = {
				ARCHS = (
					"$(ARCHS_STANDARD)",
					armv7s,
				);
				CLANG_ENABLE_MODULES = YES;
				CODE_SIGN_IDENTITY = "iPhone Developer";
				CODE_SIGN_STYLE = Manual;
				DEAD_CODE_STRIPPING = YES;
				DEFINES_MODULE = YES;
				DEPLOYMENT_POSTPROCESSING = YES;
				DEVELOPMENT_TEAM = "";
				DYLIB_COMPATIBILITY_VERSION = 1;
				DYLIB_CURRENT_VERSION = 1;
				DYLIB_INSTALL_NAME_BASE = "@rpath";
				ENABLE_BITCODE = YES;
				FRAMEWORK_SEARCH_PATHS = (
					"$(inherited)",
					"$(PROJECT_DIR)/FpcDF/Framework",
					"$(PROJECT_DIR)/Carthage/Build/iOS",
				);
				GENERATE_INFOPLIST_FILE = YES;
				INFOPLIST_FILE = FpcDF/Info.plist;
				INSTALL_PATH = "$(LOCAL_LIBRARY_DIR)/Frameworks";
				IPHONEOS_DEPLOYMENT_TARGET = 11.0;
				LD_RUNPATH_SEARCH_PATHS = (
					"$(inherited)",
					"@executable_path/Frameworks",
					"@loader_path/Frameworks",
				);
				MACH_O_TYPE = mh_dylib;
				ONLY_ACTIVE_ARCH = YES;
				PRODUCT_BUNDLE_IDENTIFIER = tw.com.fpc.FPCDynamicForm;
				PRODUCT_NAME = "$(TARGET_NAME:c99extidentifier)";
				PROVISIONING_PROFILE_SPECIFIER = "";
				SKIP_INSTALL = YES;
				SWIFT_OPTIMIZATION_LEVEL = "-Onone";
				SWIFT_VERSION = 4.2;
				TARGETED_DEVICE_FAMILY = "1,2";
			};
			name = Release;
		};
		7648786A23D1A24C001E63CE /* Debug */ = {
			isa = XCBuildConfiguration;
			buildSettings = {
				CLANG_ENABLE_MODULES = YES;
				CODE_SIGN_STYLE = Automatic;
				DEPLOYMENT_POSTPROCESSING = NO;
				DEVELOPMENT_TEAM = CM7H8W87DM;
				FRAMEWORK_SEARCH_PATHS = (
					"$(inherited)",
					"$(PROJECT_DIR)/FpcDF/Frameworks",
				);
				GENERATE_INFOPLIST_FILE = YES;
				LD_RUNPATH_SEARCH_PATHS = (
					"$(inherited)",
					"@executable_path/Frameworks",
					"@loader_path/Frameworks",
				);
				OTHER_CFLAGS = "";
				PRODUCT_NAME = "$(TARGET_NAME)";
				SWIFT_OBJC_BRIDGING_HEADER = "FpcDF/UI/UniFPCDynamicForm-Bridging-Header.h";
				SWIFT_OPTIMIZATION_LEVEL = "-Onone";
				SWIFT_VERSION = 4.2;
			};
			name = Debug;
		};
		7648786B23D1A24C001E63CE /* Release */ = {
			isa = XCBuildConfiguration;
			buildSettings = {
				CLANG_ENABLE_MODULES = YES;
				CODE_SIGN_STYLE = Automatic;
				DEPLOYMENT_POSTPROCESSING = NO;
				DEVELOPMENT_TEAM = CM7H8W87DM;
				FRAMEWORK_SEARCH_PATHS = (
					"$(inherited)",
					"$(PROJECT_DIR)/FpcDF/Frameworks",
				);
				GENERATE_INFOPLIST_FILE = YES;
				LD_RUNPATH_SEARCH_PATHS = (
					"$(inherited)",
					"@executable_path/Frameworks",
					"@loader_path/Frameworks",
				);
				OTHER_CFLAGS = "";
				PRODUCT_NAME = "$(TARGET_NAME)";
				SWIFT_OBJC_BRIDGING_HEADER = "FpcDF/UI/UniFPCDynamicForm-Bridging-Header.h";
				SWIFT_VERSION = 4.2;
			};
			name = Release;
		};
/* End XCBuildConfiguration section */

/* Begin XCConfigurationList section */
		760A023223D05C5E00CF2BC9 /* Build configuration list for PBXProject "FPCDynamicForm" */ = {
			isa = XCConfigurationList;
			buildConfigurations = (
				760A023E23D05C5E00CF2BC9 /* Debug */,
				760A023F23D05C5E00CF2BC9 /* Release */,
			);
			defaultConfigurationIsVisible = 0;
			defaultConfigurationName = Release;
		};
		760A024023D05C5E00CF2BC9 /* Build configuration list for PBXNativeTarget "FPCDynamicForm" */ = {
			isa = XCConfigurationList;
			buildConfigurations = (
				760A024123D05C5E00CF2BC9 /* Debug */,
				760A024223D05C5E00CF2BC9 /* Release */,
			);
			defaultConfigurationIsVisible = 0;
			defaultConfigurationName = Release;
		};
		7648786923D1A24C001E63CE /* Build configuration list for PBXAggregateTarget "UniFPCDynamicForm" */ = {
			isa = XCConfigurationList;
			buildConfigurations = (
				7648786A23D1A24C001E63CE /* Debug */,
				7648786B23D1A24C001E63CE /* Release */,
			);
			defaultConfigurationIsVisible = 0;
			defaultConfigurationName = Release;
		};
/* End XCConfigurationList section */
	};
	rootObject = 760A022F23D05C5E00CF2BC9 /* Project object */;
}
